// !$*UTF8*$!
{
	archiveVersion = 1;
	classes = {
	};
	objectVersion = 46;
	objects = {

/* Begin PBXBuildFile section */
		82EFB7CF1DD9D5860098ADEC /* main.m in Sources */ = {isa = PBXBuildFile; fileRef = 82EFB7CE1DD9D5860098ADEC /* main.m */; };
		82EFB7D21DD9D5860098ADEC /* AppDelegate.m in Sources */ = {isa = PBXBuildFile; fileRef = 82EFB7D11DD9D5860098ADEC /* AppDelegate.m */; };
		82EFB7D51DD9D5860098ADEC /* MasterViewController.m in Sources */ = {isa = PBXBuildFile; fileRef = 82EFB7D41DD9D5860098ADEC /* MasterViewController.m */; };
		82EFB7D81DD9D5860098ADEC /* DetailViewController.m in Sources */ = {isa = PBXBuildFile; fileRef = 82EFB7D71DD9D5860098ADEC /* DetailViewController.m */; };
		82EFB7DB1DD9D5860098ADEC /* Main.storyboard in Resources */ = {isa = PBXBuildFile; fileRef = 82EFB7D91DD9D5860098ADEC /* Main.storyboard */; };
		82EFB7DD1DD9D5860098ADEC /* Assets.xcassets in Resources */ = {isa = PBXBuildFile; fileRef = 82EFB7DC1DD9D5860098ADEC /* Assets.xcassets */; };
		82EFB7E01DD9D5860098ADEC /* LaunchScreen.storyboard in Resources */ = {isa = PBXBuildFile; fileRef = 82EFB7DE1DD9D5860098ADEC /* LaunchScreen.storyboard */; };
		82EFB7EB1DD9D5860098ADEC /* twoTests.m in Sources */ = {isa = PBXBuildFile; fileRef = 82EFB7EA1DD9D5860098ADEC /* twoTests.m */; };
		82EFB7F61DD9D5860098ADEC /* twoUITests.m in Sources */ = {isa = PBXBuildFile; fileRef = 82EFB7F51DD9D5860098ADEC /* twoUITests.m */; };
		82EFB8051DD9D8040098ADEC /* Product.m in Sources */ = {isa = PBXBuildFile; fileRef = 82EFB8041DD9D8040098ADEC /* Product.m */; };
		82EFB8081DD9D9310098ADEC /* Dbaccess.m in Sources */ = {isa = PBXBuildFile; fileRef = 82EFB8071DD9D9310098ADEC /* Dbaccess.m */; };
		82EFB80C1DD9DCAC0098ADEC /* catalog.db in Resources */ = {isa = PBXBuildFile; fileRef = 82EFB80B1DD9DCAC0098ADEC /* catalog.db */; };
		82EFB80E1DD9E36A0098ADEC /* libsqlite3.tbd in Frameworks */ = {isa = PBXBuildFile; fileRef = 82EFB80D1DD9E36A0098ADEC /* libsqlite3.tbd */; };
/* End PBXBuildFile section */

/* Begin PBXContainerItemProxy section */
		82EFB7E71DD9D5860098ADEC /* PBXContainerItemProxy */ = {
			isa = PBXContainerItemProxy;
			containerPortal = 82EFB7C21DD9D5860098ADEC /* Project object */;
			proxyType = 1;
			remoteGlobalIDString = 82EFB7C91DD9D5860098ADEC;
			remoteInfo = two;
		};
		82EFB7F21DD9D5860098ADEC /* PBXContainerItemProxy */ = {
			isa = PBXContainerItemProxy;
			containerPortal = 82EFB7C21DD9D5860098ADEC /* Project object */;
			proxyType = 1;
			remoteGlobalIDString = 82EFB7C91DD9D5860098ADEC;
			remoteInfo = two;
		};
/* End PBXContainerItemProxy section */

/* Begin PBXFileReference section */
		82EFB7CA1DD9D5860098ADEC /* two.app */ = {isa = PBXFileReference; explicitFileType = wrapper.application; includeInIndex = 0; path = two.app; sourceTree = BUILT_PRODUCTS_DIR; };
		82EFB7CE1DD9D5860098ADEC /* main.m */ = {isa = PBXFileReference; lastKnownFileType = sourcecode.c.objc; path = main.m; sourceTree = "<group>"; };
		82EFB7D01DD9D5860098ADEC /* AppDelegate.h */ = {isa = PBXFileReference; lastKnownFileType = sourcecode.c.h; path = AppDelegate.h; sourceTree = "<group>"; };
		82EFB7D11DD9D5860098ADEC /* AppDelegate.m */ = {isa = PBXFileReference; lastKnownFileType = sourcecode.c.objc; path = AppDelegate.m; sourceTree = "<group>"; };
		82EFB7D31DD9D5860098ADEC /* MasterViewController.h */ = {isa = PBXFileReference; lastKnownFileType = sourcecode.c.h; path = MasterViewController.h; sourceTree = "<group>"; };
		82EFB7D41DD9D5860098ADEC /* MasterViewController.m */ = {isa = PBXFileReference; lastKnownFileType = sourcecode.c.objc; path = MasterViewController.m; sourceTree = "<group>"; };
		82EFB7D61DD9D5860098ADEC /* DetailViewController.h */ = {isa = PBXFileReference; lastKnownFileType = sourcecode.c.h; path = DetailViewController.h; sourceTree = "<group>"; };
		82EFB7D71DD9D5860098ADEC /* DetailViewController.m */ = {isa = PBXFileReference; lastKnownFileType = sourcecode.c.objc; path = DetailViewController.m; sourceTree = "<group>"; };
		82EFB7DA1DD9D5860098ADEC /* Base */ = {isa = PBXFileReference; lastKnownFileType = file.storyboard; name = Base; path = Base.lproj/Main.storyboard; sourceTree = "<group>"; };
		82EFB7DC1DD9D5860098ADEC /* Assets.xcassets */ = {isa = PBXFileReference; lastKnownFileType = folder.assetcatalog; path = Assets.xcassets; sourceTree = "<group>"; };
		82EFB7DF1DD9D5860098ADEC /* Base */ = {isa = PBXFileReference; lastKnownFileType = file.storyboard; name = Base; path = Base.lproj/LaunchScreen.storyboard; sourceTree = "<group>"; };
		82EFB7E11DD9D5860098ADEC /* Info.plist */ = {isa = PBXFileReference; lastKnownFileType = text.plist.xml; path = Info.plist; sourceTree = "<group>"; };
		82EFB7E61DD9D5860098ADEC /* twoTests.xctest */ = {isa = PBXFileReference; explicitFileType = wrapper.cfbundle; includeInIndex = 0; path = twoTests.xctest; sourceTree = BUILT_PRODUCTS_DIR; };
		82EFB7EA1DD9D5860098ADEC /* twoTests.m */ = {isa = PBXFileReference; lastKnownFileType = sourcecode.c.objc; path = twoTests.m; sourceTree = "<group>"; };
		82EFB7EC1DD9D5860098ADEC /* Info.plist */ = {isa = PBXFileReference; lastKnownFileType = text.plist.xml; path = Info.plist; sourceTree = "<group>"; };
		82EFB7F11DD9D5860098ADEC /* twoUITests.xctest */ = {isa = PBXFileReference; explicitFileType = wrapper.cfbundle; includeInIndex = 0; path = twoUITests.xctest; sourceTree = BUILT_PRODUCTS_DIR; };
		82EFB7F51DD9D5860098ADEC /* twoUITests.m */ = {isa = PBXFileReference; lastKnownFileType = sourcecode.c.objc; path = twoUITests.m; sourceTree = "<group>"; };
		82EFB7F71DD9D5860098ADEC /* Info.plist */ = {isa = PBXFileReference; lastKnownFileType = text.plist.xml; path = Info.plist; sourceTree = "<group>"; };
		82EFB8031DD9D8040098ADEC /* Product.h */ = {isa = PBXFileReference; fileEncoding = 4; lastKnownFileType = sourcecode.c.h; path = Product.h; sourceTree = "<group>"; };
		82EFB8041DD9D8040098ADEC /* Product.m */ = {isa = PBXFileReference; fileEncoding = 4; lastKnownFileType = sourcecode.c.objc; path = Product.m; sourceTree = "<group>"; };
		82EFB8061DD9D9310098ADEC /* Dbaccess.h */ = {isa = PBXFileReference; fileEncoding = 4; lastKnownFileType = sourcecode.c.h; path = Dbaccess.h; sourceTree = "<group>"; };
		82EFB8071DD9D9310098ADEC /* Dbaccess.m */ = {isa = PBXFileReference; fileEncoding = 4; lastKnownFileType = sourcecode.c.objc; path = Dbaccess.m; sourceTree = "<group>"; };
		82EFB80B1DD9DCAC0098ADEC /* catalog.db */ = {isa = PBXFileReference; lastKnownFileType = file; path = catalog.db; sourceTree = SOURCE_ROOT; };
		82EFB80D1DD9E36A0098ADEC /* libsqlite3.tbd */ = {isa = PBXFileReference; lastKnownFileType = "sourcecode.text-based-dylib-definition"; name = libsqlite3.tbd; path = usr/lib/libsqlite3.tbd; sourceTree = SDKROOT; };
/* End PBXFileReference section */

/* Begin PBXFrameworksBuildPhase section */
		82EFB7C71DD9D5860098ADEC /* Frameworks */ = {
			isa = PBXFrameworksBuildPhase;
			buildActionMask = 2147483647;
			files = (
				82EFB80E1DD9E36A0098ADEC /* libsqlite3.tbd in Frameworks */,
			);
			runOnlyForDeploymentPostprocessing = 0;
		};
		82EFB7E31DD9D5860098ADEC /* Frameworks */ = {
			isa = PBXFrameworksBuildPhase;
			buildActionMask = 2147483647;
			files = (
			);
			runOnlyForDeploymentPostprocessing = 0;
		};
		82EFB7EE1DD9D5860098ADEC /* Frameworks */ = {
			isa = PBXFrameworksBuildPhase;
			buildActionMask = 2147483647;
			files = (
			);
			runOnlyForDeploymentPostprocessing = 0;
		};
/* End PBXFrameworksBuildPhase section */

/* Begin PBXGroup section */
		82EFB7C11DD9D5860098ADEC = {
			isa = PBXGroup;
			children = (
				82EFB80D1DD9E36A0098ADEC /* libsqlite3.tbd */,
				82EFB7CC1DD9D5860098ADEC /* two */,
				82EFB7E91DD9D5860098ADEC /* twoTests */,
				82EFB7F41DD9D5860098ADEC /* twoUITests */,
				82EFB7CB1DD9D5860098ADEC /* Products */,
			);
			sourceTree = "<group>";
		};
		82EFB7CB1DD9D5860098ADEC /* Products */ = {
			isa = PBXGroup;
			children = (
				82EFB7CA1DD9D5860098ADEC /* two.app */,
				82EFB7E61DD9D5860098ADEC /* twoTests.xctest */,
				82EFB7F11DD9D5860098ADEC /* twoUITests.xctest */,
			);
			name = Products;
			sourceTree = "<group>";
		};
		82EFB7CC1DD9D5860098ADEC /* two */ = {
			isa = PBXGroup;
			children = (
				82EFB7D01DD9D5860098ADEC /* AppDelegate.h */,
				82EFB7D11DD9D5860098ADEC /* AppDelegate.m */,
				82EFB7D31DD9D5860098ADEC /* MasterViewController.h */,
				82EFB7D41DD9D5860098ADEC /* MasterViewController.m */,
				82EFB7D61DD9D5860098ADEC /* DetailViewController.h */,
				82EFB7D71DD9D5860098ADEC /* DetailViewController.m */,
				82EFB7D91DD9D5860098ADEC /* Main.storyboard */,
				82EFB7DC1DD9D5860098ADEC /* Assets.xcassets */,
				82EFB7DE1DD9D5860098ADEC /* LaunchScreen.storyboard */,
				82EFB7E11DD9D5860098ADEC /* Info.plist */,
				82EFB7CD1DD9D5860098ADEC /* Supporting Files */,
				82EFB8031DD9D8040098ADEC /* Product.h */,
				82EFB8041DD9D8040098ADEC /* Product.m */,
				82EFB8061DD9D9310098ADEC /* Dbaccess.h */,
				82EFB8071DD9D9310098ADEC /* Dbaccess.m */,
			);
			path = two;
			sourceTree = "<group>";
		};
		82EFB7CD1DD9D5860098ADEC /* Supporting Files */ = {
			isa = PBXGroup;
			children = (
				82EFB80B1DD9DCAC0098ADEC /* catalog.db */,
				82EFB7CE1DD9D5860098ADEC /* main.m */,
			);
			name = "Supporting Files";
			sourceTree = "<group>";
		};
		82EFB7E91DD9D5860098ADEC /* twoTests */ = {
			isa = PBXGroup;
			children = (
				82EFB7EA1DD9D5860098ADEC /* twoTests.m */,
				82EFB7EC1DD9D5860098ADEC /* Info.plist */,
			);
			path = twoTests;
			sourceTree = "<group>";
		};
		82EFB7F41DD9D5860098ADEC /* twoUITests */ = {
			isa = PBXGroup;
			children = (
				82EFB7F51DD9D5860098ADEC /* twoUITests.m */,
				82EFB7F71DD9D5860098ADEC /* Info.plist */,
			);
			path = twoUITests;
			sourceTree = "<group>";
		};
/* End PBXGroup section */

/* Begin PBXNativeTarget section */
		82EFB7C91DD9D5860098ADEC /* two */ = {
			isa = PBXNativeTarget;
			buildConfigurationList = 82EFB7FA1DD9D5860098ADEC /* Build configuration list for PBXNativeTarget "two" */;
			buildPhases = (
				82EFB7C61DD9D5860098ADEC /* Sources */,
				82EFB7C71DD9D5860098ADEC /* Frameworks */,
				82EFB7C81DD9D5860098ADEC /* Resources */,
			);
			buildRules = (
			);
			dependencies = (
			);
			name = two;
			productName = two;
			productReference = 82EFB7CA1DD9D5860098ADEC /* two.app */;
			productType = "com.apple.product-type.application";
		};
		82EFB7E51DD9D5860098ADEC /* twoTests */ = {
			isa = PBXNativeTarget;
			buildConfigurationList = 82EFB7FD1DD9D5860098ADEC /* Build configuration list for PBXNativeTarget "twoTests" */;
			buildPhases = (
				82EFB7E21DD9D5860098ADEC /* Sources */,
				82EFB7E31DD9D5860098ADEC /* Frameworks */,
				82EFB7E41DD9D5860098ADEC /* Resources */,
			);
			buildRules = (
			);
			dependencies = (
				82EFB7E81DD9D5860098ADEC /* PBXTargetDependency */,
			);
			name = twoTests;
			productName = twoTests;
			productReference = 82EFB7E61DD9D5860098ADEC /* twoTests.xctest */;
			productType = "com.apple.product-type.bundle.unit-test";
		};
		82EFB7F01DD9D5860098ADEC /* twoUITests */ = {
			isa = PBXNativeTarget;
			buildConfigurationList = 82EFB8001DD9D5860098ADEC /* Build configuration list for PBXNativeTarget "twoUITests" */;
			buildPhases = (
				82EFB7ED1DD9D5860098ADEC /* Sources */,
				82EFB7EE1DD9D5860098ADEC /* Frameworks */,
				82EFB7EF1DD9D5860098ADEC /* Resources */,
			);
			buildRules = (
			);
			dependencies = (
				82EFB7F31DD9D5860098ADEC /* PBXTargetDependency */,
			);
			name = twoUITests;
			productName = twoUITests;
			productReference = 82EFB7F11DD9D5860098ADEC /* twoUITests.xctest */;
			productType = "com.apple.product-type.bundle.ui-testing";
		};
/* End PBXNativeTarget section */

/* Begin PBXProject section */
		82EFB7C21DD9D5860098ADEC /* Project object */ = {
			isa = PBXProject;
			attributes = {
				LastUpgradeCheck = 0730;
				ORGANIZATIONNAME = lixin;
				TargetAttributes = {
					82EFB7C91DD9D5860098ADEC = {
						CreatedOnToolsVersion = 7.3.1;
					};
					82EFB7E51DD9D5860098ADEC = {
						CreatedOnToolsVersion = 7.3.1;
						TestTargetID = 82EFB7C91DD9D5860098ADEC;
					};
					82EFB7F01DD9D5860098ADEC = {
						CreatedOnToolsVersion = 7.3.1;
						TestTargetID = 82EFB7C91DD9D5860098ADEC;
					};
				};
			};
			buildConfigurationList = 82EFB7C51DD9D5860098ADEC /* Build configuration list for PBXProject "two" */;
			compatibilityVersion = "Xcode 3.2";
			developmentRegion = English;
			hasScannedForEncodings = 0;
			knownRegions = (
				en,
				Base,
			);
			mainGroup = 82EFB7C11DD9D5860098ADEC;
			productRefGroup = 82EFB7CB1DD9D5860098ADEC /* Products */;
			projectDirPath = "";
			projectRoot = "";
			targets = (
				82EFB7C91DD9D5860098ADEC /* two */,
				82EFB7E51DD9D5860098ADEC /* twoTests */,
				82EFB7F01DD9D5860098ADEC /* twoUITests */,
			);
		};
/* End PBXProject section */

/* Begin PBXResourcesBuildPhase section */
		82EFB7C81DD9D5860098ADEC /* Resources */ = {
			isa = PBXResourcesBuildPhase;
			buildActionMask = 2147483647;
			files = (
				82EFB7E01DD9D5860098ADEC /* LaunchScreen.storyboard in Resources */,
				82EFB80C1DD9DCAC0098ADEC /* catalog.db in Resources */,
				82EFB7DD1DD9D5860098ADEC /* Assets.xcassets in Resources */,
				82EFB7DB1DD9D5860098ADEC /* Main.storyboard in Resources */,
			);
			runOnlyForDeploymentPostprocessing = 0;
		};
		82EFB7E41DD9D5860098ADEC /* Resources */ = {
			isa = PBXResourcesBuildPhase;
			buildActionMask = 2147483647;
			files = (
			);
			runOnlyForDeploymentPostprocessing = 0;
		};
		82EFB7EF1DD9D5860098ADEC /* Resources */ = {
			isa = PBXResourcesBuildPhase;
			buildActionMask = 2147483647;
			files = (
			);
			runOnlyForDeploymentPostprocessing = 0;
		};
/* End PBXResourcesBuildPhase section */

/* Begin PBXSourcesBuildPhase section */
		82EFB7C61DD9D5860098ADEC /* Sources */ = {
			isa = PBXSourcesBuildPhase;
			buildActionMask = 2147483647;
			files = (
				82EFB7D21DD9D5860098ADEC /* AppDelegate.m in Sources */,
				82EFB7D51DD9D5860098ADEC /* MasterViewController.m in Sources */,
				82EFB7CF1DD9D5860098ADEC /* main.m in Sources */,
				82EFB7D81DD9D5860098ADEC /* DetailViewController.m in Sources */,
				82EFB8051DD9D8040098ADEC /* Product.m in Sources */,
				82EFB8081DD9D9310098ADEC /* Dbaccess.m in Sources */,
			);
			runOnlyForDeploymentPostprocessing = 0;
		};
		82EFB7E21DD9D5860098ADEC /* Sources */ = {
			isa = PBXSourcesBuildPhase;
			buildActionMask = 2147483647;
			files = (
				82EFB7EB1DD9D5860098ADEC /* twoTests.m in Sources */,
			);
			runOnlyForDeploymentPostprocessing = 0;
		};
		82EFB7ED1DD9D5860098ADEC /* Sources */ = {
			isa = PBXSourcesBuildPhase;
			buildActionMask = 2147483647;
			files = (
				82EFB7F61DD9D5860098ADEC /* twoUITests.m in Sources */,
			);
			runOnlyForDeploymentPostprocessing = 0;
		};
/* End PBXSourcesBuildPhase section */

/* Begin PBXTargetDependency section */
		82EFB7E81DD9D5860098ADEC /* PBXTargetDependency */ = {
			isa = PBXTargetDependency;
			target = 82EFB7C91DD9D5860098ADEC /* two */;
			targetProxy = 82EFB7E71DD9D5860098ADEC /* PBXContainerItemProxy */;
		};
		82EFB7F31DD9D5860098ADEC /* PBXTargetDependency */ = {
			isa = PBXTargetDependency;
			target = 82EFB7C91DD9D5860098ADEC /* two */;
			targetProxy = 82EFB7F21DD9D5860098ADEC /* PBXContainerItemProxy */;
		};
/* End PBXTargetDependency section */

/* Begin PBXVariantGroup section */
		82EFB7D91DD9D5860098ADEC /* Main.storyboard */ = {
			isa = PBXVariantGroup;
			children = (
				82EFB7DA1DD9D5860098ADEC /* Base */,
			);
			name = Main.storyboard;
			sourceTree = "<group>";
		};
		82EFB7DE1DD9D5860098ADEC /* LaunchScreen.storyboard */ = {
			isa = PBXVariantGroup;
			children = (
				82EFB7DF1DD9D5860098ADEC /* Base */,
			);
			name = LaunchScreen.storyboard;
			sourceTree = "<group>";
		};
/* End PBXVariantGroup section */

/* Begin XCBuildConfiguration section */
		82EFB7F81DD9D5860098ADEC /* Debug */ = {
			isa = XCBuildConfiguration;
			buildSettings = {
				ALWAYS_SEARCH_USER_PATHS = NO;
				CLANG_ANALYZER_NONNULL = YES;
				CLANG_CXX_LANGUAGE_STANDARD = "gnu++0x";
				CLANG_CXX_LIBRARY = "libc++";
				CLANG_ENABLE_MODULES = YES;
				CLANG_ENABLE_OBJC_ARC = YES;
				CLANG_WARN_BOOL_CONVERSION = YES;
				CLANG_WARN_CONSTANT_CONVERSION = YES;
				CLANG_WARN_DIRECT_OBJC_ISA_USAGE = YES_ERROR;
				CLANG_WARN_EMPTY_BODY = YES;
				CLANG_WARN_ENUM_CONVERSION = YES;
				CLANG_WARN_INT_CONVERSION = YES;
				CLANG_WARN_OBJC_ROOT_CLASS = YES_ERROR;
				CLANG_WARN_UNREACHABLE_CODE = YES;
				CLANG_WARN__DUPLICATE_METHOD_MATCH = YES;
				"CODE_SIGN_IDENTITY[sdk=iphoneos*]" = "iPhone Developer";
				COPY_PHASE_STRIP = NO;
				DEBUG_INFORMATION_FORMAT = dwarf;
				ENABLE_STRICT_OBJC_MSGSEND = YES;
				ENABLE_TESTABILITY = YES;
				GCC_C_LANGUAGE_STANDARD = gnu99;
				GCC_DYNAMIC_NO_PIC = NO;
				GCC_NO_COMMON_BLOCKS = YES;
				GCC_OPTIMIZATION_LEVEL = 0;
				GCC_PREPROCESSOR_DEFINITIONS = (
					"DEBUG=1",
					"$(inherited)",
				);
				GCC_WARN_64_TO_32_BIT_CONVERSION = YES;
				GCC_WARN_ABOUT_RETURN_TYPE = YES_ERROR;
				GCC_WARN_UNDECLARED_SELECTOR = YES;
				GCC_WARN_UNINITIALIZED_AUTOS = YES_AGGRESSIVE;
				GCC_WARN_UNUSED_FUNCTION = YES;
				GCC_WARN_UNUSED_VARIABLE = YES;
				IPHONEOS_DEPLOYMENT_TARGET = 9.3;
				MTL_ENABLE_DEBUG_INFO = YES;
				ONLY_ACTIVE_ARCH = YES;
				SDKROOT = iphoneos;
			};
			name = Debug;
		};
		82EFB7F91DD9D5860098ADEC /* Release */ = {
			isa = XCBuildConfiguration;
			buildSettings = {
				ALWAYS_SEARCH_USER_PATHS = NO;
				CLANG_ANALYZER_NONNULL = YES;
				CLANG_CXX_LANGUAGE_STANDARD = "gnu++0x";
				CLANG_CXX_LIBRARY = "libc++";
				CLANG_ENABLE_MODULES = YES;
				CLANG_ENABLE_OBJC_ARC = YES;
				CLANG_WARN_BOOL_CONVERSION = YES;
				CLANG_WARN_CONSTANT_CONVERSION = YES;
				CLANG_WARN_DIRECT_OBJC_ISA_USAGE = YES_ERROR;
				CLANG_WARN_EMPTY_BODY = YES;
				CLANG_WARN_ENUM_CONVERSION = YES;
				CLANG_WARN_INT_CONVERSION = YES;
				CLANG_WARN_OBJC_ROOT_CLASS = YES_ERROR;
				CLANG_WARN_UNREACHABLE_CODE = YES;
				CLANG_WARN__DUPLICATE_METHOD_MATCH = YES;
				"CODE_SIGN_IDENTITY[sdk=iphoneos*]" = "iPhone Developer";
				COPY_PHASE_STRIP = NO;
				DEBUG_INFORMATION_FORMAT = "dwarf-with-dsym";
				ENABLE_NS_ASSERTIONS = NO;
				ENABLE_STRICT_OBJC_MSGSEND = YES;
				GCC_C_LANGUAGE_STANDARD = gnu99;
				GCC_NO_COMMON_BLOCKS = YES;
				GCC_WARN_64_TO_32_BIT_CONVERSION = YES;
				GCC_WARN_ABOUT_RETURN_TYPE = YES_ERROR;
				GCC_WARN_UNDECLARED_SELECTOR = YES;
				GCC_WARN_UNINITIALIZED_AUTOS = YES_AGGRESSIVE;
				GCC_WARN_UNUSED_FUNCTION = YES;
				GCC_WARN_UNUSED_VARIABLE = YES;
				IPHONEOS_DEPLOYMENT_TARGET = 9.3;
				MTL_ENABLE_DEBUG_INFO = NO;
				SDKROOT = iphoneos;
				VALIDATE_PRODUCT = YES;
			};
			name = Release;
		};
		82EFB7FB1DD9D5860098ADEC /* Debug */ = {
			isa = XCBuildConfiguration;
			buildSettings = {
				ASSETCATALOG_COMPILER_APPICON_NAME = AppIcon;
				INFOPLIST_FILE = two/Info.plist;
				LD_RUNPATH_SEARCH_PATHS = "$(inherited) @executable_path/Frameworks";
				PRODUCT_BUNDLE_IDENTIFIER = lixin.two;
				PRODUCT_NAME = "$(TARGET_NAME)";
			};
			name = Debug;
		};
		82EFB7FC1DD9D5860098ADEC /* Release */ = {
			isa = XCBuildConfiguration;
			buildSettings = {
				ASSETCATALOG_COMPILER_APPICON_NAME = AppIcon;
				INFOPLIST_FILE = two/Info.plist;
				LD_RUNPATH_SEARCH_PATHS = "$(inherited) @executable_path/Frameworks";
				PRODUCT_BUNDLE_IDENTIFIER = lixin.two;
				PRODUCT_NAME = "$(TARGET_NAME)";
			};
			name = Release;
		};
		82EFB7FE1DD9D5860098ADEC /* Debug */ = {
			isa = XCBuildConfiguration;
			buildSettings = {
				BUNDLE_LOADER = "$(TEST_HOST)";
				INFOPLIST_FILE = twoTests/Info.plist;
				LD_RUNPATH_SEARCH_PATHS = "$(inherited) @executable_path/Frameworks @loader_path/Frameworks";
				PRODUCT_BUNDLE_IDENTIFIER = lixin.twoTests;
				PRODUCT_NAME = "$(TARGET_NAME)";
				TEST_HOST = "$(BUILT_PRODUCTS_DIR)/two.app/two";
			};
			name = Debug;
		};
		82EFB7FF1DD9D5860098ADEC /* Release */ = {
			isa = XCBuildConfiguration;
			buildSettings = {
				BUNDLE_LOADER = "$(TEST_HOST)";
				INFOPLIST_FILE = twoTests/Info.plist;
				LD_RUNPATH_SEARCH_PATHS = "$(inherited) @executable_path/Frameworks @loader_path/Frameworks";
				PRODUCT_BUNDLE_IDENTIFIER = lixin.twoTests;
				PRODUCT_NAME = "$(TARGET_NAME)";
				TEST_HOST = "$(BUILT_PRODUCTS_DIR)/two.app/two";
			};
			name = Release;
		};
		82EFB8011DD9D5860098ADEC /* Debug */ = {
			isa = XCBuildConfiguration;
			buildSettings = {
				INFOPLIST_FILE = twoUITests/Info.plist;
				LD_RUNPATH_SEARCH_PATHS = "$(inherited) @executable_path/Frameworks @loader_path/Frameworks";
				PRODUCT_BUNDLE_IDENTIFIER = lixin.twoUITests;
				PRODUCT_NAME = "$(TARGET_NAME)";
				TEST_TARGET_NAME = two;
			};
			name = Debug;
		};
		82EFB8021DD9D5860098ADEC /* Release */ = {
			isa = XCBuildConfiguration;
			buildSettings = {
				INFOPLIST_FILE = twoUITests/Info.plist;
				LD_RUNPATH_SEARCH_PATHS = "$(inherited) @executable_path/Frameworks @loader_path/Frameworks";
				PRODUCT_BUNDLE_IDENTIFIER = lixin.twoUITests;
				PRODUCT_NAME = "$(TARGET_NAME)";
				TEST_TARGET_NAME = two;
			};
			name = Release;
		};
/* End XCBuildConfiguration section */

/* Begin XCConfigurationList section */
		82EFB7C51DD9D5860098ADEC /* Build configuration list for PBXProject "two" */ = {
			isa = XCConfigurationList;
			buildConfigurations = (
				82EFB7F81DD9D5860098ADEC /* Debug */,
				82EFB7F91DD9D5860098ADEC /* Release */,
			);
			defaultConfigurationIsVisible = 0;
			defaultConfigurationName = Release;
		};
		82EFB7FA1DD9D5860098ADEC /* Build configuration list for PBXNativeTarget "two" */ = {
			isa = XCConfigurationList;
			buildConfigurations = (
				82EFB7FB1DD9D5860098ADEC /* Debug */,
				82EFB7FC1DD9D5860098ADEC /* Release */,
			);
			defaultConfigurationIsVisible = 0;
			defaultConfigurationName = Release;
		};
		82EFB7FD1DD9D5860098ADEC /* Build configuration list for PBXNativeTarget "twoTests" */ = {
			isa = XCConfigurationList;
			buildConfigurations = (
				82EFB7FE1DD9D5860098ADEC /* Debug */,
				82EFB7FF1DD9D5860098ADEC /* Release */,
			);
			defaultConfigurationIsVisible = 0;
			defaultConfigurationName = Release;
		};
		82EFB8001DD9D5860098ADEC /* Build configuration list for PBXNativeTarget "twoUITests" */ = {
			isa = XCConfigurationList;
			buildConfigurations = (
				82EFB8011DD9D5860098ADEC /* Debug */,
				82EFB8021DD9D5860098ADEC /* Release */,
			);
			defaultConfigurationIsVisible = 0;
			defaultConfigurationName = Release;
		};
/* End XCConfigurationList section */
	};
	rootObject = 82EFB7C21DD9D5860098ADEC /* Project object */;
}
